
Microsoft Visual Studio Solution File, Format Version 11.00
# Visual Studio 2010
Project("{FAE04EC0-301F-11D3-BF4B-00C04F79EFBC}") = "AdanGame", "Assembly-CSharp.csproj", "{3611BDEE-DA02-9E5A-0192-451EF4AF400F}"
EndProject
Project("{FAE04EC0-301F-11D3-BF4B-00C04F79EFBC}") = "AdanGame", "Assembly-CSharp-Editor.csproj", "{3A5DB240-D77E-D998-3EA7-2C5077BC8C91}"
EndProject
Global
	GlobalSection(SolutionConfigurationPlatforms) = preSolution
		Debug|Any CPU = Debug|Any CPU
		Release|Any CPU = Release|Any CPU
	EndGlobalSection
	GlobalSection(ProjectConfigurationPlatforms) = postSolution
		{3611BDEE-DA02-9E5A-0192-451EF4AF400F}.Debug|Any CPU.ActiveCfg = Debug|Any CPU
		{3611BDEE-DA02-9E5A-0192-451EF4AF400F}.Debug|Any CPU.Build.0 = Debug|Any CPU
		{3611BDEE-DA02-9E5A-0192-451EF4AF400F}.Release|Any CPU.ActiveCfg = Release|Any CPU
		{3611BDEE-DA02-9E5A-0192-451EF4AF400F}.Release|Any CPU.Build.0 = Release|Any CPU
		{3A5DB240-D77E-D998-3EA7-2C5077BC8C91}.Debug|Any CPU.ActiveCfg = Debug|Any CPU
		{3A5DB240-D77E-D998-3EA7-2C5077BC8C91}.Debug|Any CPU.Build.0 = Debug|Any CPU
		{3A5DB240-D77E-D998-3EA7-2C5077BC8C91}.Release|Any CPU.ActiveCfg = Release|Any CPU
		{3A5DB240-D77E-D998-3EA7-2C5077BC8C91}.Release|Any CPU.Build.0 = Release|Any CPU
	EndGlobalSection
	GlobalSection(SolutionProperties) = preSolution
		HideSolutionNode = FALSE
	EndGlobalSection
	GlobalSection(MonoDevelopProperties) = preSolution
		StartupItem = Assembly-CSharp.csproj
	EndGlobalSection
EndGlobal
